// !$*UTF8*$!
{
	archiveVersion = 1;
	classes = {
	};
	objectVersion = 55;
	objects = {

/* Begin PBXBuildFile section */
		533A10D4287E30D900252FA5 /* SplashScreenView.swift in Sources */ = {isa = PBXBuildFile; fileRef = 533A10D3287E30D900252FA5 /* SplashScreenView.swift */; };
		5361A3A9288081E900AE3863 /* WelcomeScreenView.swift in Sources */ = {isa = PBXBuildFile; fileRef = 5361A3A8288081E900AE3863 /* WelcomeScreenView.swift */; };
		5386A1B4287F6C99000AD7ED /* LoginScreen.swift in Sources */ = {isa = PBXBuildFile; fileRef = 5386A1B3287F6C99000AD7ED /* LoginScreen.swift */; };
		5386A1B7287F71C3000AD7ED /* Colors.swift in Sources */ = {isa = PBXBuildFile; fileRef = 5386A1B6287F71C3000AD7ED /* Colors.swift */; };
		53C07BA3287DB3E200C48D86 /* TelaVerdeApp.swift in Sources */ = {isa = PBXBuildFile; fileRef = 53C07BA2287DB3E200C48D86 /* TelaVerdeApp.swift */; };
		53C07BA5287DB3E200C48D86 /* ContentView.swift in Sources */ = {isa = PBXBuildFile; fileRef = 53C07BA4287DB3E200C48D86 /* ContentView.swift */; };
		53C07BA7287DB3E300C48D86 /* Assets.xcassets in Resources */ = {isa = PBXBuildFile; fileRef = 53C07BA6287DB3E300C48D86 /* Assets.xcassets */; };
		53C07BAA287DB3E300C48D86 /* Preview Assets.xcassets in Resources */ = {isa = PBXBuildFile; fileRef = 53C07BA9287DB3E300C48D86 /* Preview Assets.xcassets */; };
		53C07BB4287DB3E300C48D86 /* TelaVerdeTests.swift in Sources */ = {isa = PBXBuildFile; fileRef = 53C07BB3287DB3E300C48D86 /* TelaVerdeTests.swift */; };
		53C07BBE287DB3E300C48D86 /* TelaVerdeUITests.swift in Sources */ = {isa = PBXBuildFile; fileRef = 53C07BBD287DB3E300C48D86 /* TelaVerdeUITests.swift */; };
		53C07BC0287DB3E300C48D86 /* TelaVerdeUITestsLaunchTests.swift in Sources */ = {isa = PBXBuildFile; fileRef = 53C07BBF287DB3E300C48D86 /* TelaVerdeUITestsLaunchTests.swift */; };
/* End PBXBuildFile section */

/* Begin PBXContainerItemProxy section */
		53C07BB0287DB3E300C48D86 /* PBXContainerItemProxy */ = {
			isa = PBXContainerItemProxy;
			containerPortal = 53C07B97287DB3E200C48D86 /* Project object */;
			proxyType = 1;
			remoteGlobalIDString = 53C07B9E287DB3E200C48D86;
			remoteInfo = TelaVerde;
		};
		53C07BBA287DB3E300C48D86 /* PBXContainerItemProxy */ = {
			isa = PBXContainerItemProxy;
			containerPortal = 53C07B97287DB3E200C48D86 /* Project object */;
			proxyType = 1;
			remoteGlobalIDString = 53C07B9E287DB3E200C48D86;
			remoteInfo = TelaVerde;
		};
/* End PBXContainerItemProxy section */

/* Begin PBXFileReference section */
		533A10D3287E30D900252FA5 /* SplashScreenView.swift */ = {isa = PBXFileReference; lastKnownFileType = sourcecode.swift; path = SplashScreenView.swift; sourceTree = "<group>"; };
		5361A3A8288081E900AE3863 /* WelcomeScreenView.swift */ = {isa = PBXFileReference; lastKnownFileType = sourcecode.swift; path = WelcomeScreenView.swift; sourceTree = "<group>"; };
		5386A1B3287F6C99000AD7ED /* LoginScreen.swift */ = {isa = PBXFileReference; lastKnownFileType = sourcecode.swift; path = LoginScreen.swift; sourceTree = "<group>"; };
		5386A1B6287F71C3000AD7ED /* Colors.swift */ = {isa = PBXFileReference; lastKnownFileType = sourcecode.swift; path = Colors.swift; sourceTree = "<group>"; };
		53C07B9F287DB3E200C48D86 /* TelaVerde.app */ = {isa = PBXFileReference; explicitFileType = wrapper.application; includeInIndex = 0; path = TelaVerde.app; sourceTree = BUILT_PRODUCTS_DIR; };
		53C07BA2287DB3E200C48D86 /* TelaVerdeApp.swift */ = {isa = PBXFileReference; lastKnownFileType = sourcecode.swift; path = TelaVerdeApp.swift; sourceTree = "<group>"; };
		53C07BA4287DB3E200C48D86 /* ContentView.swift */ = {isa = PBXFileReference; lastKnownFileType = sourcecode.swift; path = ContentView.swift; sourceTree = "<group>"; };
		53C07BA6287DB3E300C48D86 /* Assets.xcassets */ = {isa = PBXFileReference; lastKnownFileType = folder.assetcatalog; path = Assets.xcassets; sourceTree = "<group>"; };
		53C07BA9287DB3E300C48D86 /* Preview Assets.xcassets */ = {isa = PBXFileReference; lastKnownFileType = folder.assetcatalog; path = "Preview Assets.xcassets"; sourceTree = "<group>"; };
		53C07BAF287DB3E300C48D86 /* TelaVerdeTests.xctest */ = {isa = PBXFileReference; explicitFileType = wrapper.cfbundle; includeInIndex = 0; path = TelaVerdeTests.xctest; sourceTree = BUILT_PRODUCTS_DIR; };
		53C07BB3287DB3E300C48D86 /* TelaVerdeTests.swift */ = {isa = PBXFileReference; lastKnownFileType = sourcecode.swift; path = TelaVerdeTests.swift; sourceTree = "<group>"; };
		53C07BB9287DB3E300C48D86 /* TelaVerdeUITests.xctest */ = {isa = PBXFileReference; explicitFileType = wrapper.cfbundle; includeInIndex = 0; path = TelaVerdeUITests.xctest; sourceTree = BUILT_PRODUCTS_DIR; };
		53C07BBD287DB3E300C48D86 /* TelaVerdeUITests.swift */ = {isa = PBXFileReference; lastKnownFileType = sourcecode.swift; path = TelaVerdeUITests.swift; sourceTree = "<group>"; };
		53C07BBF287DB3E300C48D86 /* TelaVerdeUITestsLaunchTests.swift */ = {isa = PBXFileReference; lastKnownFileType = sourcecode.swift; path = TelaVerdeUITestsLaunchTests.swift; sourceTree = "<group>"; };
/* End PBXFileReference section */

/* Begin PBXFrameworksBuildPhase section */
		53C07B9C287DB3E200C48D86 /* Frameworks */ = {
			isa = PBXFrameworksBuildPhase;
			buildActionMask = 2147483647;
			files = (
			);
			runOnlyForDeploymentPostprocessing = 0;
		};
		53C07BAC287DB3E300C48D86 /* Frameworks */ = {
			isa = PBXFrameworksBuildPhase;
			buildActionMask = 2147483647;
			files = (
			);
			runOnlyForDeploymentPostprocessing = 0;
		};
		53C07BB6287DB3E300C48D86 /* Frameworks */ = {
			isa = PBXFrameworksBuildPhase;
			buildActionMask = 2147483647;
			files = (
			);
			runOnlyForDeploymentPostprocessing = 0;
		};
/* End PBXFrameworksBuildPhase section */

/* Begin PBXGroup section */
		533A10C8287DEC3700252FA5 /* SplashScreen */ = {
			isa = PBXGroup;
			children = (
				533A10D3287E30D900252FA5 /* SplashScreenView.swift */,
			);
			path = SplashScreen;
			sourceTree = "<group>";
		};
		533DFE2D287E4447003B67FD /* ColorAssets */ = {
			isa = PBXGroup;
			children = (
				53C07BA6287DB3E300C48D86 /* Assets.xcassets */,
				5386A1B6287F71C3000AD7ED /* Colors.swift */,
			);
			path = ColorAssets;
			sourceTree = "<group>";
		};
		5361A3A7288081CA00AE3863 /* Screens */ = {
			isa = PBXGroup;
			children = (
				5361A3A8288081E900AE3863 /* WelcomeScreenView.swift */,
			);
			path = Screens;
			sourceTree = "<group>";
		};
		5386A1B5287F7180000AD7ED /* ColorExtension */ = {
			isa = PBXGroup;
			children = (
			);
			path = ColorExtension;
			sourceTree = "<group>";
		};
		53C07B96287DB3E200C48D86 = {
			isa = PBXGroup;
			children = (
				53C07BA1287DB3E200C48D86 /* TelaVerde */,
				533DFE2D287E4447003B67FD /* ColorAssets */,
				53C07BB2287DB3E300C48D86 /* TelaVerdeTests */,
				53C07BBC287DB3E300C48D86 /* TelaVerdeUITests */,
				53C07BA0287DB3E200C48D86 /* Products */,
			);
			sourceTree = "<group>";
		};
		53C07BA0287DB3E200C48D86 /* Products */ = {
			isa = PBXGroup;
			children = (
				53C07B9F287DB3E200C48D86 /* TelaVerde.app */,
				53C07BAF287DB3E300C48D86 /* TelaVerdeTests.xctest */,
				53C07BB9287DB3E300C48D86 /* TelaVerdeUITests.xctest */,
			);
			name = Products;
			sourceTree = "<group>";
		};
		53C07BA1287DB3E200C48D86 /* TelaVerde */ = {
			isa = PBXGroup;
			children = (
				5361A3A7288081CA00AE3863 /* Screens */,
				5386A1B3287F6C99000AD7ED /* LoginScreen.swift */,
				53C07BA2287DB3E200C48D86 /* TelaVerdeApp.swift */,
				53C07BA4287DB3E200C48D86 /* ContentView.swift */,
				533A10C8287DEC3700252FA5 /* SplashScreen */,
				53C07BA8287DB3E300C48D86 /* Preview Content */,
			);
			path = TelaVerde;
			sourceTree = "<group>";
		};
		53C07BA8287DB3E300C48D86 /* Preview Content */ = {
			isa = PBXGroup;
			children = (
				53C07BA9287DB3E300C48D86 /* Preview Assets.xcassets */,
			);
			path = "Preview Content";
			sourceTree = "<group>";
		};
		53C07BB2287DB3E300C48D86 /* TelaVerdeTests */ = {
			isa = PBXGroup;
			children = (
				53C07BB3287DB3E300C48D86 /* TelaVerdeTests.swift */,
			);
			path = TelaVerdeTests;
			sourceTree = "<group>";
		};
		53C07BBC287DB3E300C48D86 /* TelaVerdeUITests */ = {
			isa = PBXGroup;
			children = (
				5386A1B5287F7180000AD7ED /* ColorExtension */,
				53C07BBD287DB3E300C48D86 /* TelaVerdeUITests.swift */,
				53C07BBF287DB3E300C48D86 /* TelaVerdeUITestsLaunchTests.swift */,
			);
			path = TelaVerdeUITests;
			sourceTree = "<group>";
		};
/* End PBXGroup section */

/* Begin PBXNativeTarget section */
		53C07B9E287DB3E200C48D86 /* TelaVerde */ = {
			isa = PBXNativeTarget;
			buildConfigurationList = 53C07BC3287DB3E300C48D86 /* Build configuration list for PBXNativeTarget "TelaVerde" */;
			buildPhases = (
				53C07B9B287DB3E200C48D86 /* Sources */,
				53C07B9C287DB3E200C48D86 /* Frameworks */,
				53C07B9D287DB3E200C48D86 /* Resources */,
			);
			buildRules = (
			);
			dependencies = (
			);
			name = TelaVerde;
			productName = TelaVerde;
			productReference = 53C07B9F287DB3E200C48D86 /* TelaVerde.app */;
			productType = "com.apple.product-type.application";
		};
		53C07BAE287DB3E300C48D86 /* TelaVerdeTests */ = {
			isa = PBXNativeTarget;
			buildConfigurationList = 53C07BC6287DB3E300C48D86 /* Build configuration list for PBXNativeTarget "TelaVerdeTests" */;
			buildPhases = (
				53C07BAB287DB3E300C48D86 /* Sources */,
				53C07BAC287DB3E300C48D86 /* Frameworks */,
				53C07BAD287DB3E300C48D86 /* Resources */,
			);
			buildRules = (
			);
			dependencies = (
				53C07BB1287DB3E300C48D86 /* PBXTargetDependency */,
			);
			name = TelaVerdeTests;
			productName = TelaVerdeTests;
			productReference = 53C07BAF287DB3E300C48D86 /* TelaVerdeTests.xctest */;
			productType = "com.apple.product-type.bundle.unit-test";
		};
		53C07BB8287DB3E300C48D86 /* TelaVerdeUITests */ = {
			isa = PBXNativeTarget;
			buildConfigurationList = 53C07BC9287DB3E300C48D86 /* Build configuration list for PBXNativeTarget "TelaVerdeUITests" */;
			buildPhases = (
				53C07BB5287DB3E300C48D86 /* Sources */,
				53C07BB6287DB3E300C48D86 /* Frameworks */,
				53C07BB7287DB3E300C48D86 /* Resources */,
			);
			buildRules = (
			);
			dependencies = (
				53C07BBB287DB3E300C48D86 /* PBXTargetDependency */,
			);
			name = TelaVerdeUITests;
			productName = TelaVerdeUITests;
			productReference = 53C07BB9287DB3E300C48D86 /* TelaVerdeUITests.xctest */;
			productType = "com.apple.product-type.bundle.ui-testing";
		};
/* End PBXNativeTarget section */

/* Begin PBXProject section */
		53C07B97287DB3E200C48D86 /* Project object */ = {
			isa = PBXProject;
			attributes = {
				BuildIndependentTargetsInParallel = 1;
				LastSwiftUpdateCheck = 1340;
				LastUpgradeCheck = 1340;
				TargetAttributes = {
					53C07B9E287DB3E200C48D86 = {
						CreatedOnToolsVersion = 13.4.1;
					};
					53C07BAE287DB3E300C48D86 = {
						CreatedOnToolsVersion = 13.4.1;
						TestTargetID = 53C07B9E287DB3E200C48D86;
					};
					53C07BB8287DB3E300C48D86 = {
						CreatedOnToolsVersion = 13.4.1;
						TestTargetID = 53C07B9E287DB3E200C48D86;
					};
				};
			};
			buildConfigurationList = 53C07B9A287DB3E200C48D86 /* Build configuration list for PBXProject "TelaVerde" */;
			compatibilityVersion = "Xcode 13.0";
			developmentRegion = en;
			hasScannedForEncodings = 0;
			knownRegions = (
				en,
				Base,
			);
			mainGroup = 53C07B96287DB3E200C48D86;
			productRefGroup = 53C07BA0287DB3E200C48D86 /* Products */;
			projectDirPath = "";
			projectRoot = "";
			targets = (
				53C07B9E287DB3E200C48D86 /* TelaVerde */,
				53C07BAE287DB3E300C48D86 /* TelaVerdeTests */,
				53C07BB8287DB3E300C48D86 /* TelaVerdeUITests */,
			);
		};
/* End PBXProject section */

/* Begin PBXResourcesBuildPhase section */
		53C07B9D287DB3E200C48D86 /* Resources */ = {
			isa = PBXResourcesBuildPhase;
			buildActionMask = 2147483647;
			files = (
				53C07BAA287DB3E300C48D86 /* Preview Assets.xcassets in Resources */,
				53C07BA7287DB3E300C48D86 /* Assets.xcassets in Resources */,
			);
			runOnlyForDeploymentPostprocessing = 0;
		};
		53C07BAD287DB3E300C48D86 /* Resources */ = {
			isa = PBXResourcesBuildPhase;
			buildActionMask = 2147483647;
			files = (
			);
			runOnlyForDeploymentPostprocessing = 0;
		};
		53C07BB7287DB3E300C48D86 /* Resources */ = {
			isa = PBXResourcesBuildPhase;
			buildActionMask = 2147483647;
			files = (
			);
			runOnlyForDeploymentPostprocessing = 0;
		};
/* End PBXResourcesBuildPhase section */

/* Begin PBXSourcesBuildPhase section */
		53C07B9B287DB3E200C48D86 /* Sources */ = {
			isa = PBXSourcesBuildPhase;
			buildActionMask = 2147483647;
			files = (
				53C07BA5287DB3E200C48D86 /* ContentView.swift in Sources */,
				5386A1B7287F71C3000AD7ED /* Colors.swift in Sources */,
				5386A1B4287F6C99000AD7ED /* LoginScreen.swift in Sources */,
				5361A3A9288081E900AE3863 /* WelcomeScreenView.swift in Sources */,
				53C07BA3287DB3E200C48D86 /* TelaVerdeApp.swift in Sources */,
				533A10D4287E30D900252FA5 /* SplashScreenView.swift in Sources */,
			);
			runOnlyForDeploymentPostprocessing = 0;
		};
		53C07BAB287DB3E300C48D86 /* Sources */ = {
			isa = PBXSourcesBuildPhase;
			buildActionMask = 2147483647;
			files = (
				53C07BB4287DB3E300C48D86 /* TelaVerdeTests.swift in Sources */,
			);
			runOnlyForDeploymentPostprocessing = 0;
		};
		53C07BB5287DB3E300C48D86 /* Sources */ = {
			isa = PBXSourcesBuildPhase;
			buildActionMask = 2147483647;
			files = (
				53C07BBE287DB3E300C48D86 /* TelaVerdeUITests.swift in Sources */,
				53C07BC0287DB3E300C48D86 /* TelaVerdeUITestsLaunchTests.swift in Sources */,
			);
			runOnlyForDeploymentPostprocessing = 0;
		};
/* End PBXSourcesBuildPhase section */

/* Begin PBXTargetDependency section */
		53C07BB1287DB3E300C48D86 /* PBXTargetDependency */ = {
			isa = PBXTargetDependency;
			target = 53C07B9E287DB3E200C48D86 /* TelaVerde */;
			targetProxy = 53C07BB0287DB3E300C48D86 /* PBXContainerItemProxy */;
		};
		53C07BBB287DB3E300C48D86 /* PBXTargetDependency */ = {
			isa = PBXTargetDependency;
			target = 53C07B9E287DB3E200C48D86 /* TelaVerde */;
			targetProxy = 53C07BBA287DB3E300C48D86 /* PBXContainerItemProxy */;
		};
/* End PBXTargetDependency section */

/* Begin XCBuildConfiguration section */
		53C07BC1287DB3E300C48D86 /* Debug */ = {
			isa = XCBuildConfiguration;
			buildSettings = {
				ALWAYS_SEARCH_USER_PATHS = NO;
				CLANG_ANALYZER_NONNULL = YES;
				CLANG_ANALYZER_NUMBER_OBJECT_CONVERSION = YES_AGGRESSIVE;
				CLANG_CXX_LANGUAGE_STANDARD = "gnu++17";
				CLANG_ENABLE_MODULES = YES;
				CLANG_ENABLE_OBJC_ARC = YES;
				CLANG_ENABLE_OBJC_WEAK = YES;
				CLANG_WARN_BLOCK_CAPTURE_AUTORELEASING = YES;
				CLANG_WARN_BOOL_CONVERSION = YES;
				CLANG_WARN_COMMA = YES;
				CLANG_WARN_CONSTANT_CONVERSION = YES;
				CLANG_WARN_DEPRECATED_OBJC_IMPLEMENTATIONS = YES;
				CLANG_WARN_DIRECT_OBJC_ISA_USAGE = YES_ERROR;
				CLANG_WARN_DOCUMENTATION_COMMENTS = YES;
				CLANG_WARN_EMPTY_BODY = YES;
				CLANG_WARN_ENUM_CONVERSION = YES;
				CLANG_WARN_INFINITE_RECURSION = YES;
				CLANG_WARN_INT_CONVERSION = YES;
				CLANG_WARN_NON_LITERAL_NULL_CONVERSION = YES;
				CLANG_WARN_OBJC_IMPLICIT_RETAIN_SELF = YES;
				CLANG_WARN_OBJC_LITERAL_CONVERSION = YES;
				CLANG_WARN_OBJC_ROOT_CLASS = YES_ERROR;
				CLANG_WARN_QUOTED_INCLUDE_IN_FRAMEWORK_HEADER = YES;
				CLANG_WARN_RANGE_LOOP_ANALYSIS = YES;
				CLANG_WARN_STRICT_PROTOTYPES = YES;
				CLANG_WARN_SUSPICIOUS_MOVE = YES;
				CLANG_WARN_UNGUARDED_AVAILABILITY = YES_AGGRESSIVE;
				CLANG_WARN_UNREACHABLE_CODE = YES;
				CLANG_WARN__DUPLICATE_METHOD_MATCH = YES;
				COPY_PHASE_STRIP = NO;
				DEBUG_INFORMATION_FORMAT = dwarf;
				ENABLE_STRICT_OBJC_MSGSEND = YES;
				ENABLE_TESTABILITY = YES;
				GCC_C_LANGUAGE_STANDARD = gnu11;
				GCC_DYNAMIC_NO_PIC = NO;
				GCC_NO_COMMON_BLOCKS = YES;
				GCC_OPTIMIZATION_LEVEL = 0;
				GCC_PREPROCESSOR_DEFINITIONS = (
					"DEBUG=1",
					"$(inherited)",
				);
				GCC_WARN_64_TO_32_BIT_CONVERSION = YES;
				GCC_WARN_ABOUT_RETURN_TYPE = YES_ERROR;
				GCC_WARN_UNDECLARED_SELECTOR = YES;
				GCC_WARN_UNINITIALIZED_AUTOS = YES_AGGRESSIVE;
				GCC_WARN_UNUSED_FUNCTION = YES;
				GCC_WARN_UNUSED_VARIABLE = YES;
				IPHONEOS_DEPLOYMENT_TARGET = 15.5;
				MTL_ENABLE_DEBUG_INFO = INCLUDE_SOURCE;
				MTL_FAST_MATH = YES;
				ONLY_ACTIVE_ARCH = YES;
				SDKROOT = iphoneos;
				SWIFT_ACTIVE_COMPILATION_CONDITIONS = DEBUG;
				SWIFT_OPTIMIZATION_LEVEL = "-Onone";
			};
			name = Debug;
		};
		53C07BC2287DB3E300C48D86 /* Release */ = {
			isa = XCBuildConfiguration;
			buildSettings = {
				ALWAYS_SEARCH_USER_PATHS = NO;
				CLANG_ANALYZER_NONNULL = YES;
				CLANG_ANALYZER_NUMBER_OBJECT_CONVERSION = YES_AGGRESSIVE;
				CLANG_CXX_LANGUAGE_STANDARD = "gnu++17";
				CLANG_ENABLE_MODULES = YES;
				CLANG_ENABLE_OBJC_ARC = YES;
				CLANG_ENABLE_OBJC_WEAK = YES;
				CLANG_WARN_BLOCK_CAPTURE_AUTORELEASING = YES;
				CLANG_WARN_BOOL_CONVERSION = YES;
				CLANG_WARN_COMMA = YES;
				CLANG_WARN_CONSTANT_CONVERSION = YES;
				CLANG_WARN_DEPRECATED_OBJC_IMPLEMENTATIONS = YES;
				CLANG_WARN_DIRECT_OBJC_ISA_USAGE = YES_ERROR;
				CLANG_WARN_DOCUMENTATION_COMMENTS = YES;
				CLANG_WARN_EMPTY_BODY = YES;
				CLANG_WARN_ENUM_CONVERSION = YES;
				CLANG_WARN_INFINITE_RECURSION = YES;
				CLANG_WARN_INT_CONVERSION = YES;
				CLANG_WARN_NON_LITERAL_NULL_CONVERSION = YES;
				CLANG_WARN_OBJC_IMPLICIT_RETAIN_SELF = YES;
				CLANG_WARN_OBJC_LITERAL_CONVERSION = YES;
				CLANG_WARN_OBJC_ROOT_CLASS = YES_ERROR;
				CLANG_WARN_QUOTED_INCLUDE_IN_FRAMEWORK_HEADER = YES;
				CLANG_WARN_RANGE_LOOP_ANALYSIS = YES;
				CLANG_WARN_STRICT_PROTOTYPES = YES;
				CLANG_WARN_SUSPICIOUS_MOVE = YES;
				CLANG_WARN_UNGUARDED_AVAILABILITY = YES_AGGRESSIVE;
				CLANG_WARN_UNREACHABLE_CODE = YES;
				CLANG_WARN__DUPLICATE_METHOD_MATCH = YES;
				COPY_PHASE_STRIP = NO;
				DEBUG_INFORMATION_FORMAT = "dwarf-with-dsym";
				ENABLE_NS_ASSERTIONS = NO;
				ENABLE_STRICT_OBJC_MSGSEND = YES;
				GCC_C_LANGUAGE_STANDARD = gnu11;
				GCC_NO_COMMON_BLOCKS = YES;
				GCC_WARN_64_TO_32_BIT_CONVERSION = YES;
				GCC_WARN_ABOUT_RETURN_TYPE = YES_ERROR;
				GCC_WARN_UNDECLARED_SELECTOR = YES;
				GCC_WARN_UNINITIALIZED_AUTOS = YES_AGGRESSIVE;
				GCC_WARN_UNUSED_FUNCTION = YES;
				GCC_WARN_UNUSED_VARIABLE = YES;
				IPHONEOS_DEPLOYMENT_TARGET = 15.5;
				MTL_ENABLE_DEBUG_INFO = NO;
				MTL_FAST_MATH = YES;
				SDKROOT = iphoneos;
				SWIFT_COMPILATION_MODE = wholemodule;
				SWIFT_OPTIMIZATION_LEVEL = "-O";
				VALIDATE_PRODUCT = YES;
			};
			name = Release;
		};
		53C07BC4287DB3E300C48D86 /* Debug */ = {
			isa = XCBuildConfiguration;
			buildSettings = {
				ASSETCATALOG_COMPILER_APPICON_NAME = AppIcon;
				ASSETCATALOG_COMPILER_GLOBAL_ACCENT_COLOR_NAME = AccentColor;
				CODE_SIGN_STYLE = Automatic;
				CURRENT_PROJECT_VERSION = 1;
				DEVELOPMENT_ASSET_PATHS = "\"TelaVerde/Preview Content\"";
				DEVELOPMENT_TEAM = S4KGZ74WDF;
				ENABLE_PREVIEWS = YES;
				GENERATE_INFOPLIST_FILE = YES;
				INFOPLIST_KEY_UIApplicationSceneManifest_Generation = YES;
				INFOPLIST_KEY_UIApplicationSupportsIndirectInputEvents = YES;
				INFOPLIST_KEY_UILaunchScreen_Generation = YES;
				INFOPLIST_KEY_UISupportedInterfaceOrientations_iPad = "UIInterfaceOrientationPortrait UIInterfaceOrientationPortraitUpsideDown UIInterfaceOrientationLandscapeLeft UIInterfaceOrientationLandscapeRight";
				INFOPLIST_KEY_UISupportedInterfaceOrientations_iPhone = "UIInterfaceOrientationPortrait UIInterfaceOrientationLandscapeLeft UIInterfaceOrientationLandscapeRight";
				LD_RUNPATH_SEARCH_PATHS = (
					"$(inherited)",
					"@executable_path/Frameworks",
				);
				MARKETING_VERSION = 1.0;
				PRODUCT_BUNDLE_IDENTIFIER = "com.projeto-tela-verde.TelaVerde";
				PRODUCT_NAME = "$(TARGET_NAME)";
				SWIFT_EMIT_LOC_STRINGS = YES;
				SWIFT_VERSION = 5.0;
				TARGETED_DEVICE_FAMILY = "1,2";
			};
			name = Debug;
		};
		53C07BC5287DB3E300C48D86 /* Release */ = {
			isa = XCBuildConfiguration;
			buildSettings = {
				ASSETCATALOG_COMPILER_APPICON_NAME = AppIcon;
				ASSETCATALOG_COMPILER_GLOBAL_ACCENT_COLOR_NAME = AccentColor;
				CODE_SIGN_STYLE = Automatic;
				CURRENT_PROJECT_VERSION = 1;
				DEVELOPMENT_ASSET_PATHS = "\"TelaVerde/Preview Content\"";
				DEVELOPMENT_TEAM = S4KGZ74WDF;
				ENABLE_PREVIEWS = YES;
				GENERATE_INFOPLIST_FILE = YES;
				INFOPLIST_KEY_UIApplicationSceneManifest_Generation = YES;
				INFOPLIST_KEY_UIApplicationSupportsIndirectInputEvents = YES;
				INFOPLIST_KEY_UILaunchScreen_Generation = YES;
				INFOPLIST_KEY_UISupportedInterfaceOrientations_iPad = "UIInterfaceOrientationPortrait UIInterfaceOrientationPortraitUpsideDown UIInterfaceOrientationLandscapeLeft UIInterfaceOrientationLandscapeRight";
				INFOPLIST_KEY_UISupportedInterfaceOrientations_iPhone = "UIInterfaceOrientationPortrait UIInterfaceOrientationLandscapeLeft UIInterfaceOrientationLandscapeRight";
				LD_RUNPATH_SEARCH_PATHS = (
					"$(inherited)",
					"@executable_path/Frameworks",
				);
				MARKETING_VERSION = 1.0;
				PRODUCT_BUNDLE_IDENTIFIER = "com.projeto-tela-verde.TelaVerde";
				PRODUCT_NAME = "$(TARGET_NAME)";
				SWIFT_EMIT_LOC_STRINGS = YES;
				SWIFT_VERSION = 5.0;
				TARGETED_DEVICE_FAMILY = "1,2";
			};
			name = Release;
		};
		53C07BC7287DB3E300C48D86 /* Debug */ = {
			isa = XCBuildConfiguration;
			buildSettings = {
				ALWAYS_EMBED_SWIFT_STANDARD_LIBRARIES = YES;
				BUNDLE_LOADER = "$(TEST_HOST)";
				CODE_SIGN_STYLE = Automatic;
				CURRENT_PROJECT_VERSION = 1;
				DEVELOPMENT_TEAM = S4KGZ74WDF;
				GENERATE_INFOPLIST_FILE = YES;
				IPHONEOS_DEPLOYMENT_TARGET = 15.5;
				MARKETING_VERSION = 1.0;
				PRODUCT_BUNDLE_IDENTIFIER = "com.projeto-tela-verde.TelaVerdeTests";
				PRODUCT_NAME = "$(TARGET_NAME)";
				SWIFT_EMIT_LOC_STRINGS = NO;
				SWIFT_VERSION = 5.0;
				TARGETED_DEVICE_FAMILY = "1,2";
				TEST_HOST = "$(BUILT_PRODUCTS_DIR)/TelaVerde.app/TelaVerde";
			};
			name = Debug;
		};
		53C07BC8287DB3E300C48D86 /* Release */ = {
			isa = XCBuildConfiguration;
			buildSettings = {
				ALWAYS_EMBED_SWIFT_STANDARD_LIBRARIES = YES;
				BUNDLE_LOADER = "$(TEST_HOST)";
				CODE_SIGN_STYLE = Automatic;
				CURRENT_PROJECT_VERSION = 1;
				DEVELOPMENT_TEAM = S4KGZ74WDF;
				GENERATE_INFOPLIST_FILE = YES;
				IPHONEOS_DEPLOYMENT_TARGET = 15.5;
				MARKETING_VERSION = 1.0;
				PRODUCT_BUNDLE_IDENTIFIER = "com.projeto-tela-verde.TelaVerdeTests";
				PRODUCT_NAME = "$(TARGET_NAME)";
				SWIFT_EMIT_LOC_STRINGS = NO;
				SWIFT_VERSION = 5.0;
				TARGETED_DEVICE_FAMILY = "1,2";
				TEST_HOST = "$(BUILT_PRODUCTS_DIR)/TelaVerde.app/TelaVerde";
			};
			name = Release;
		};
		53C07BCA287DB3E300C48D86 /* Debug */ = {
			isa = XCBuildConfiguration;
			buildSettings = {
				ALWAYS_EMBED_SWIFT_STANDARD_LIBRARIES = YES;
				CODE_SIGN_STYLE = Automatic;
				CURRENT_PROJECT_VERSION = 1;
				DEVELOPMENT_TEAM = S4KGZ74WDF;
				GENERATE_INFOPLIST_FILE = YES;
				MARKETING_VERSION = 1.0;
				PRODUCT_BUNDLE_IDENTIFIER = "com.projeto-tela-verde.TelaVerdeUITests";
				PRODUCT_NAME = "$(TARGET_NAME)";
				SWIFT_EMIT_LOC_STRINGS = NO;
				SWIFT_VERSION = 5.0;
				TARGETED_DEVICE_FAMILY = "1,2";
				TEST_TARGET_NAME = TelaVerde;
			};
			name = Debug;
		};
		53C07BCB287DB3E300C48D86 /* Release */ = {
			isa = XCBuildConfiguration;
			buildSettings = {
				ALWAYS_EMBED_SWIFT_STANDARD_LIBRARIES = YES;
				CODE_SIGN_STYLE = Automatic;
				CURRENT_PROJECT_VERSION = 1;
				DEVELOPMENT_TEAM = S4KGZ74WDF;
				GENERATE_INFOPLIST_FILE = YES;
				MARKETING_VERSION = 1.0;
				PRODUCT_BUNDLE_IDENTIFIER = "com.projeto-tela-verde.TelaVerdeUITests";
				PRODUCT_NAME = "$(TARGET_NAME)";
				SWIFT_EMIT_LOC_STRINGS = NO;
				SWIFT_VERSION = 5.0;
				TARGETED_DEVICE_FAMILY = "1,2";
				TEST_TARGET_NAME = TelaVerde;
			};
			name = Release;
		};
/* End XCBuildConfiguration section */

/* Begin XCConfigurationList section */
		53C07B9A287DB3E200C48D86 /* Build configuration list for PBXProject "TelaVerde" */ = {
			isa = XCConfigurationList;
			buildConfigurations = (
				53C07BC1287DB3E300C48D86 /* Debug */,
				53C07BC2287DB3E300C48D86 /* Release */,
			);
			defaultConfigurationIsVisible = 0;
			defaultConfigurationName = Release;
		};
		53C07BC3287DB3E300C48D86 /* Build configuration list for PBXNativeTarget "TelaVerde" */ = {
			isa = XCConfigurationList;
			buildConfigurations = (
				53C07BC4287DB3E300C48D86 /* Debug */,
				53C07BC5287DB3E300C48D86 /* Release */,
			);
			defaultConfigurationIsVisible = 0;
			defaultConfigurationName = Release;
		};
		53C07BC6287DB3E300C48D86 /* Build configuration list for PBXNativeTarget "TelaVerdeTests" */ = {
			isa = XCConfigurationList;
			buildConfigurations = (
				53C07BC7287DB3E300C48D86 /* Debug */,
				53C07BC8287DB3E300C48D86 /* Release */,
			);
			defaultConfigurationIsVisible = 0;
			defaultConfigurationName = Release;
		};
		53C07BC9287DB3E300C48D86 /* Build configuration list for PBXNativeTarget "TelaVerdeUITests" */ = {
			isa = XCConfigurationList;
			buildConfigurations = (
				53C07BCA287DB3E300C48D86 /* Debug */,
				53C07BCB287DB3E300C48D86 /* Release */,
			);
			defaultConfigurationIsVisible = 0;
			defaultConfigurationName = Release;
		};
/* End XCConfigurationList section */
	};
	rootObject = 53C07B97287DB3E200C48D86 /* Project object */;
}
